
Microsoft Visual Studio Solution File, Format Version 12.00
# Visual Studio Version 17
VisualStudioVersion = 17.2.32526.322
MinimumVisualStudioVersion = 10.0.40219.1
Project("{FAE04EC0-301F-11D3-BF4B-00C04F79EFBC}") = "TranskribusPractice", "TranskribusPractice\TranskribusPractice.csproj", "{3945920A-ACB1-4FCE-A3F0-C4EFD487D868}"
EndProject
Project("{9A19103F-16F7-4668-BE54-9A1E7A4F7556}") = "TranskribusPractice.ViewModels", "TranskribusPractice.ViewModels\TranskribusPractice.ViewModels.csproj", "{4655AD4C-363E-461B-B782-075E58D52884}"
EndProject
Project("{FAE04EC0-301F-11D3-BF4B-00C04F79EFBC}") = "TranskribusPractice.Views", "TranskribusPractice.Views\TranskribusPractice.Views.csproj", "{F492D3F4-BEB7-4116-8762-6F5C0AE71DBC}"
EndProject
Project("{FAE04EC0-301F-11D3-BF4B-00C04F79EFBC}") = "TranskribusPractice.ViewModels.Implementations", "TranskribusPractice.ViewModels.Implementations\TranskribusPractice.ViewModels.Implementations.csproj", "{92879A8E-0BBC-45B0-AFFA-39A3B66F0BD5}"
EndProject
Global
	GlobalSection(SolutionConfigurationPlatforms) = preSolution
		Debug|Any CPU = Debug|Any CPU
		Release|Any CPU = Release|Any CPU
	EndGlobalSection
	GlobalSection(ProjectConfigurationPlatforms) = postSolution
		{3945920A-ACB1-4FCE-A3F0-C4EFD487D868}.Debug|Any CPU.ActiveCfg = Debug|Any CPU
		{3945920A-ACB1-4FCE-A3F0-C4EFD487D868}.Debug|Any CPU.Build.0 = Debug|Any CPU
		{3945920A-ACB1-4FCE-A3F0-C4EFD487D868}.Release|Any CPU.ActiveCfg = Release|Any CPU
		{3945920A-ACB1-4FCE-A3F0-C4EFD487D868}.Release|Any CPU.Build.0 = Release|Any CPU
		{4655AD4C-363E-461B-B782-075E58D52884}.Debug|Any CPU.ActiveCfg = Debug|Any CPU
		{4655AD4C-363E-461B-B782-075E58D52884}.Debug|Any CPU.Build.0 = Debug|Any CPU
		{4655AD4C-363E-461B-B782-075E58D52884}.Release|Any CPU.ActiveCfg = Release|Any CPU
		{4655AD4C-363E-461B-B782-075E58D52884}.Release|Any CPU.Build.0 = Release|Any CPU
		{F492D3F4-BEB7-4116-8762-6F5C0AE71DBC}.Debug|Any CPU.ActiveCfg = Debug|Any CPU
		{F492D3F4-BEB7-4116-8762-6F5C0AE71DBC}.Debug|Any CPU.Build.0 = Debug|Any CPU
		{F492D3F4-BEB7-4116-8762-6F5C0AE71DBC}.Release|Any CPU.ActiveCfg = Release|Any CPU
		{F492D3F4-BEB7-4116-8762-6F5C0AE71DBC}.Release|Any CPU.Build.0 = Release|Any CPU
		{92879A8E-0BBC-45B0-AFFA-39A3B66F0BD5}.Debug|Any CPU.ActiveCfg = Debug|Any CPU
		{92879A8E-0BBC-45B0-AFFA-39A3B66F0BD5}.Debug|Any CPU.Build.0 = Debug|Any CPU
		{92879A8E-0BBC-45B0-AFFA-39A3B66F0BD5}.Release|Any CPU.ActiveCfg = Release|Any CPU
		{92879A8E-0BBC-45B0-AFFA-39A3B66F0BD5}.Release|Any CPU.Build.0 = Release|Any CPU
	EndGlobalSection
	GlobalSection(SolutionProperties) = preSolution
		HideSolutionNode = FALSE
	EndGlobalSection
	GlobalSection(ExtensibilityGlobals) = postSolution
		SolutionGuid = {E86E3CF1-6779-415D-A104-B42EAA1AF2F5}
	EndGlobalSection
EndGlobal
